
Microsoft Visual Studio Solution File, Format Version 12.00
# Visual Studio Version 16
VisualStudioVersion = 16.0.31321.278
MinimumVisualStudioVersion = 10.0.40219.1
Project("{FAE04EC0-301F-11D3-BF4B-00C04F79EFBC}") = "BandasMusicales", "BandasMusicales\BandasMusicales.csproj", "{921134C3-76F9-45B7-BEB8-B7AD085D0E1B}"
EndProject
Global
	GlobalSection(SolutionConfigurationPlatforms) = preSolution
		Debug|Any CPU = Debug|Any CPU
		Release|Any CPU = Release|Any CPU
	EndGlobalSection
	GlobalSection(ProjectConfigurationPlatforms) = postSolution
		{921134C3-76F9-45B7-BEB8-B7AD085D0E1B}.Debug|Any CPU.ActiveCfg = Debug|Any CPU
		{921134C3-76F9-45B7-BEB8-B7AD085D0E1B}.Debug|Any CPU.Build.0 = Debug|Any CPU
		{921134C3-76F9-45B7-BEB8-B7AD085D0E1B}.Release|Any CPU.ActiveCfg = Release|Any CPU
		{921134C3-76F9-45B7-BEB8-B7AD085D0E1B}.Release|Any CPU.Build.0 = Release|Any CPU
	EndGlobalSection
	GlobalSection(SolutionProperties) = preSolution
		HideSolutionNode = FALSE
	EndGlobalSection
	GlobalSection(ExtensibilityGlobals) = postSolution
		SolutionGuid = {E39369AE-0F36-4A3B-9105-81CA4CF75583}
	EndGlobalSection
EndGlobal
